
Microsoft Visual Studio Solution File, Format Version 11.00
# Visual Studio 2010
Project("{FAE04EC0-301F-11D3-BF4B-00C04F79EFBC}") = "NumerosPrimosC", "NumerosPrimosC\NumerosPrimosC.csproj", "{24684B4F-7811-4A2C-B407-CE540F3B0924}"
EndProject
Global
	GlobalSection(SolutionConfigurationPlatforms) = preSolution
		Debug|x86 = Debug|x86
		Release|x86 = Release|x86
	EndGlobalSection
	GlobalSection(ProjectConfigurationPlatforms) = postSolution
		{24684B4F-7811-4A2C-B407-CE540F3B0924}.Debug|x86.ActiveCfg = Debug|x86
		{24684B4F-7811-4A2C-B407-CE540F3B0924}.Debug|x86.Build.0 = Debug|x86
		{24684B4F-7811-4A2C-B407-CE540F3B0924}.Release|x86.ActiveCfg = Release|x86
		{24684B4F-7811-4A2C-B407-CE540F3B0924}.Release|x86.Build.0 = Release|x86
	EndGlobalSection
	GlobalSection(SolutionProperties) = preSolution
		HideSolutionNode = FALSE
	EndGlobalSection
EndGlobal
